{
  "lockfile_version": "1",
  "packages": {
    "expect@latest": {
      "last_modified": "2025-11-23T21:50:36Z",
      "resolved": "github:NixOS/nixpkgs/ee09932cedcef15aaf476f9343d1dea2cb77e261#expect",
      "source": "devbox-search",
      "version": "5.45.4",
      "systems": {
        "aarch64-darwin": {
          "outputs": [
            {
              "name": "out",
              "path": "/nix/store/0zvqdp25ns85wnsrd5361aw54jnxqy0x-expect-5.45.4",
              "default": true
            },
            {
              "name": "dev",
              "path": "/nix/store/pzsh7swchn9fkr8px4z4bzb3cnrk4krk-expect-5.45.4-dev"
            }
          ],
          "store_path": "/nix/store/0zvqdp25ns85wnsrd5361aw54jnxqy0x-expect-5.45.4"
        },
        "aarch64-linux": {
          "outputs": [
            {
              "name": "out",
              "path": "/nix/store/l7dcglbarfrkdra5dlakncr598mrvx74-expect-5.45.4",
              "default": true
            },
            {
              "name": "dev",
              "path": "/nix/store/rkcphws9c2mb6mfhrk9ygr9j7rpdxfms-expect-5.45.4-dev"
            }
          ],
          "store_path": "/nix/store/l7dcglbarfrkdra5dlakncr598mrvx74-expect-5.45.4"
        },
        "x86_64-darwin": {
          "outputs": [
            {
              "name": "out",
              "path": "/nix/store/x8xyhpm6cxvmk4rf108simia4i3klx5j-expect-5.45.4",
              "default": true
            },
            {
              "name": "dev",
              "path": "/nix/store/7ajilayb3lia87dcw2wpqml9hvl6r38y-expect-5.45.4-dev"
            }
          ],
          "store_path": "/nix/store/x8xyhpm6cxvmk4rf108simia4i3klx5j-expect-5.45.4"
        },
        "x86_64-linux": {
          "outputs": [
            {
              "name": "out",
              "path": "/nix/store/716gdlabwjvimi2jv0x2cavf8xljfmjp-expect-5.45.4",
              "default": true
            },
            {
              "name": "dev",
              "path": "/nix/store/l5wvrh2zx4716iphkrqv11kgi09rr2ia-expect-5.45.4-dev"
            }
          ],
          "store_path": "/nix/store/716gdlabwjvimi2jv0x2cavf8xljfmjp-expect-5.45.4"
        }
      }
    },
    "git@latest": {
      "last_modified": "2025-12-03T20:43:00Z",
      "resolved": "github:NixOS/nixpkgs/ebc94f855ef25347c314258c10393a92794e7ab9#git",
      "source": "devbox-search",
      "version": "2.51.2",
      "systems": {
        "aarch64-darwin": {
          "outputs": [
            {
              "name": "out",
              "path": "/nix/store/x34bh6s6ighg7lb74nkjbx3nx52zj0j9-git-2.51.2",
              "default": true
            },
            {
              "name": "doc",
              "path": "/nix/store/6wnscv0364r6430qmx33nn927dlw2vnf-git-2.51.2-doc"
            }
          ],
          "store_path": "/nix/store/x34bh6s6ighg7lb74nkjbx3nx52zj0j9-git-2.51.2"
        },
        "aarch64-linux": {
          "outputs": [
            {
              "name": "out",
              "path": "/nix/store/gzdcfmx2p9nvd4z21b6ns00cp4sv1d2h-git-2.51.2",
              "default": true
            },
            {
              "name": "debug",
              "path": "/nix/store/5l5ln59lpi4qv2qm59aqchlz32j9zcm9-git-2.51.2-debug"
            },
            {
              "name": "doc",
              "path": "/nix/store/w28mqxb1bd51f5rwh5127pvbp31lnqmv-git-2.51.2-doc"
            }
          ],
          "store_path": "/nix/store/gzdcfmx2p9nvd4z21b6ns00cp4sv1d2h-git-2.51.2"
        },
        "x86_64-darwin": {
          "outputs": [
            {
              "name": "out",
              "path": "/nix/store/zz5xiyzpnn06cdgw1xnlvs1sbly5247r-git-2.51.2",
              "default": true
            },
            {
              "name": "doc",
              "path": "/nix/store/vrisnm56c5v8mzbv55yrq28wgkvga8nm-git-2.51.2-doc"
            }
          ],
          "store_path": "/nix/store/zz5xiyzpnn06cdgw1xnlvs1sbly5247r-git-2.51.2"
        },
        "x86_64-linux": {
          "outputs": [
            {
              "name": "out",
              "path": "/nix/store/4qhdhmi7pzgad0zfd7c5lsg235mbf9hv-git-2.51.2",
              "default": true
            },
            {
              "name": "debug",
              "path": "/nix/store/pjr2vd588sxa47glfg0ky0df3vk79dcs-git-2.51.2-debug"
            },
            {
              "name": "doc",
              "path": "/nix/store/9k6ivrdddy9s3z1hiwgavl0kfr2czgav-git-2.51.2-doc"
            }
          ],
          "store_path": "/nix/store/4qhdhmi7pzgad0zfd7c5lsg235mbf9hv-git-2.51.2"
        }
      }
    },
    "github:NixOS/nixpkgs/nixpkgs-unstable": {
      "last_modified": "2025-12-05T15:03:55Z",
      "resolved": "github:NixOS/nixpkgs/a672be65651c80d3f592a89b3945466584a22069?lastModified=1764947035&narHash=sha256-EYHSjVM4Ox4lvCXUMiKKs2vETUSL5mx%2BJ2FfutM7T9w%3D"
    },
    "gnumake@latest": {
      "last_modified": "2025-12-01T11:04:22Z",
      "resolved": "github:NixOS/nixpkgs/c1cb7d097cb250f6e1904aacd5f2ba5ffd8a49ce#gnumake",
      "source": "devbox-search",
      "version": "4.4.1",
      "systems": {
        "aarch64-darwin": {
          "outputs": [
            {
              "name": "out",
              "path": "/nix/store/himpsafkr92afwx35m02cfqqkayjp7ab-gnumake-4.4.1",
              "default": true
            },
            {
              "name": "man",
              "path": "/nix/store/6k5xskz3ih6as6s431an4vfc8kygwb06-gnumake-4.4.1-man",
              "default": true
            },
            {
              "name": "info",
              "path": "/nix/store/j8pw4cw50ijq08zdnz6r5s0l8hwvi6y2-gnumake-4.4.1-info"
            }
          ],
          "store_path": "/nix/store/himpsafkr92afwx35m02cfqqkayjp7ab-gnumake-4.4.1"
        },
        "aarch64-linux": {
          "outputs": [
            {
              "name": "out",
              "path": "/nix/store/4as5z9sq13frzn76l4grs0x7jlhmp8a4-gnumake-4.4.1",
              "default": true
            },
            {
              "name": "man",
              "path": "/nix/store/c3p59qjacf7zlmivlhzly323wbmwiynn-gnumake-4.4.1-man",
              "default": true
            },
            {
              "name": "debug",
              "path": "/nix/store/bg7na4xrp92kc3w2xmpxck5rxab10by5-gnumake-4.4.1-debug"
            },
            {
              "name": "info",
              "path": "/nix/store/w974qs2b1p53l0xcxrm4va45ih5jjj1x-gnumake-4.4.1-info"
            }
          ],
          "store_path": "/nix/store/4as5z9sq13frzn76l4grs0x7jlhmp8a4-gnumake-4.4.1"
        },
        "x86_64-darwin": {
          "outputs": [
            {
              "name": "out",
              "path": "/nix/store/bc7w3vj6r09bi1izjnag31zw1s26bl3i-gnumake-4.4.1",
              "default": true
            },
            {
              "name": "man",
              "path": "/nix/store/70bpwla1zm4rzj3qh318qb0h3zg2k57x-gnumake-4.4.1-man",
              "default": true
            },
            {
              "name": "info",
              "path": "/nix/store/318jsjis2rp8rm5zpw936flpg90c4v20-gnumake-4.4.1-info"
            }
          ],
          "store_path": "/nix/store/bc7w3vj6r09bi1izjnag31zw1s26bl3i-gnumake-4.4.1"
        },
        "x86_64-linux": {
          "outputs": [
            {
              "name": "out",
              "path": "/nix/store/jlv0a6iyh8vb7pfyhjj93xy245xlmgh5-gnumake-4.4.1",
              "default": true
            },
            {
              "name": "man",
              "path": "/nix/store/66gca2ba1a5dd2pbwh3nc2fil96nzwb8-gnumake-4.4.1-man",
              "default": true
            },
            {
              "name": "debug",
              "path": "/nix/store/jyd69jw95fcsgnl9p5r6k3iycls32vsy-gnumake-4.4.1-debug"
            },
            {
              "name": "info",
              "path": "/nix/store/dm5rg41pkjr7g5khqivn5ddgdlzr2fvy-gnumake-4.4.1-info"
            }
          ],
          "store_path": "/nix/store/jlv0a6iyh8vb7pfyhjj93xy245xlmgh5-gnumake-4.4.1"
        }
      }
    },
    "gnupg@latest": {
      "last_modified": "2025-11-23T21:50:36Z",
      "resolved": "github:NixOS/nixpkgs/ee09932cedcef15aaf476f9343d1dea2cb77e261#gnupg",
      "source": "devbox-search",
      "version": "2.4.8",
      "systems": {
        "aarch64-darwin": {
          "outputs": [
            {
              "name": "out",
              "path": "/nix/store/yx9r60aqnw7iwn21w4g5sa4yjp0rabzc-gnupg-2.4.8",
              "default": true
            }
          ],
          "store_path": "/nix/store/yx9r60aqnw7iwn21w4g5sa4yjp0rabzc-gnupg-2.4.8"
        },
        "aarch64-linux": {
          "outputs": [
            {
              "name": "out",
              "path": "/nix/store/q823y61120rwkc4ksy5wpv6k5fgcmz1a-gnupg-2.4.8",
              "default": true
            }
          ],
          "store_path": "/nix/store/q823y61120rwkc4ksy5wpv6k5fgcmz1a-gnupg-2.4.8"
        },
        "x86_64-darwin": {
          "outputs": [
            {
              "name": "out",
              "path": "/nix/store/dpwz0hlkidi3cr6bmw77lcnysa091dpv-gnupg-2.4.8",
              "default": true
            }
          ],
          "store_path": "/nix/store/dpwz0hlkidi3cr6bmw77lcnysa091dpv-gnupg-2.4.8"
        },
        "x86_64-linux": {
          "outputs": [
            {
              "name": "out",
              "path": "/nix/store/0i1vlhh0ivpjc7dvxz77wr5csr9n9aak-gnupg-2.4.8",
              "default": true
            }
          ],
          "store_path": "/nix/store/0i1vlhh0ivpjc7dvxz77wr5csr9n9aak-gnupg-2.4.8"
        }
      }
    },
    "libisoburn@latest": {
      "last_modified": "2025-12-05T06:24:47Z",
      "resolved": "github:NixOS/nixpkgs/42e29df35be6ef54091d3a3b4e97056ce0a98ce8#libisoburn",
      "source": "devbox-search",
      "version": "1.5.6",
      "systems": {
        "aarch64-darwin": {
          "outputs": [
            {
              "name": "out",
              "path": "/nix/store/x49dj1x6zzpdrpfml14qh5652ik9vv15-libisoburn-1.5.6",
              "default": true
            },
            {
              "name": "man",
              "path": "/nix/store/xbfb44yb3lvlxcvr3vrlxissg9bwhc96-libisoburn-1.5.6-man",
              "default": true
            },
            {
              "name": "dev",
              "path": "/nix/store/z3s5nx01iikfr01fkifl9zgbrpplgmij-libisoburn-1.5.6-dev"
            },
            {
              "name": "info",
              "path": "/nix/store/qr665afdgkxrlbxdiy13s3qqwfdq0zc4-libisoburn-1.5.6-info"
            },
            {
              "name": "lib",
              "path": "/nix/store/cgy6613hz3k4ib2xy5ijmyjmqkdgy7jf-libisoburn-1.5.6-lib"
            }
          ],
          "store_path": "/nix/store/x49dj1x6zzpdrpfml14qh5652ik9vv15-libisoburn-1.5.6"
        },
        "aarch64-linux": {
          "outputs": [
            {
              "name": "out",
              "path": "/nix/store/sdfyy7lmbxzyc1pvcp8fxaz5yh1kqjb7-libisoburn-1.5.6",
              "default": true
            },
            {
              "name": "man",
              "path": "/nix/store/ia8iz9a2x7mzbkblvdhn5k9flh5rm10r-libisoburn-1.5.6-man",
              "default": true
            },
            {
              "name": "dev",
              "path": "/nix/store/h3fp1ds8sgg5rxy3wq3lmf4hyxlndhjv-libisoburn-1.5.6-dev"
            },
            {
              "name": "info",
              "path": "/nix/store/q0i44argb8i1cm6aidpd534kbjfyb5wa-libisoburn-1.5.6-info"
            },
            {
              "name": "lib",
              "path": "/nix/store/d4cij6ppz75ki191ib8va6h87ps82wsi-libisoburn-1.5.6-lib"
            }
          ],
          "store_path": "/nix/store/sdfyy7lmbxzyc1pvcp8fxaz5yh1kqjb7-libisoburn-1.5.6"
        },
        "x86_64-darwin": {
          "outputs": [
            {
              "name": "out",
              "path": "/nix/store/0ffhghpmydkqqxi4m9im2wy0a99cxrrc-libisoburn-1.5.6",
              "default": true
            },
            {
              "name": "man",
              "path": "/nix/store/g7v7lin2fwj0qq69l80ck7x2pl3wgdy5-libisoburn-1.5.6-man",
              "default": true
            },
            {
              "name": "dev",
              "path": "/nix/store/p5adkmzcyj2kbc6ir585nz4vm82qq5rp-libisoburn-1.5.6-dev"
            },
            {
              "name": "info",
              "path": "/nix/store/nw39bc75hd9adj1ygigsbfkdj460vfia-libisoburn-1.5.6-info"
            },
            {
              "name": "lib",
              "path": "/nix/store/sk06v6cvjkp88f0fip98gg7r5jl42mmh-libisoburn-1.5.6-lib"
            }
          ],
          "store_path": "/nix/store/0ffhghpmydkqqxi4m9im2wy0a99cxrrc-libisoburn-1.5.6"
        },
        "x86_64-linux": {
          "outputs": [
            {
              "name": "out",
              "path": "/nix/store/0hykg4db7p6d137bap9ykqhlvnb08ds6-libisoburn-1.5.6",
              "default": true
            },
            {
              "name": "man",
              "path": "/nix/store/95f5r79h8bwmhbmyx252ljizflb23lc7-libisoburn-1.5.6-man",
              "default": true
            },
            {
              "name": "dev",
              "path": "/nix/store/yyf8bcqfm7njziz19njdss6ryc5n0fqz-libisoburn-1.5.6-dev"
            },
            {
              "name": "info",
              "path": "/nix/store/g5r01qbpka8s9i542hc0ddxp8fjzhipq-libisoburn-1.5.6-info"
            },
            {
              "name": "lib",
              "path": "/nix/store/pdmgpq44pl835q7jqxq9j59b4jmbbgnd-libisoburn-1.5.6-lib"
            }
          ],
          "store_path": "/nix/store/0hykg4db7p6d137bap9ykqhlvnb08ds6-libisoburn-1.5.6"
        }
      }
    },
    "python@3.13": {
      "last_modified": "2025-05-16T20:19:48Z",
      "plugin_version": "0.0.4",
      "resolved": "github:NixOS/nixpkgs/12a55407652e04dcf2309436eb06fef0d3713ef3#python313",
      "source": "devbox-search",
      "version": "3.13.3",
      "systems": {
        "aarch64-darwin": {
          "outputs": [
            {
              "name": "out",
              "path": "/nix/store/1a8xg8l3m67hxinxzzcsak9736qm9vsf-python3-3.13.3",
              "default": true
            }
          ],
          "store_path": "/nix/store/1a8xg8l3m67hxinxzzcsak9736qm9vsf-python3-3.13.3"
        },
        "aarch64-linux": {
          "outputs": [
            {
              "name": "out",
              "path": "/nix/store/yy0xvc2rydhrs0h1v8d7r3sql347xzz5-python3-3.13.3",
              "default": true
            },
            {
              "name": "debug",
              "path": "/nix/store/42bxfqfrh8cwspl7szr0cw8739xv8qlq-python3-3.13.3-debug"
            }
          ],
          "store_path": "/nix/store/yy0xvc2rydhrs0h1v8d7r3sql347xzz5-python3-3.13.3"
        },
        "x86_64-darwin": {
          "outputs": [
            {
              "name": "out",
              "path": "/nix/store/gbrigjhghz9v2p0zf9b2fnvs0g0yx7q4-python3-3.13.3",
              "default": true
            }
          ],
          "store_path": "/nix/store/gbrigjhghz9v2p0zf9b2fnvs0g0yx7q4-python3-3.13.3"
        },
        "x86_64-linux": {
          "outputs": [
            {
              "name": "out",
              "path": "/nix/store/2mab9iiwhcqwk75qwvp3zv0bvbiaq6cs-python3-3.13.3",
              "default": true
            },
            {
              "name": "debug",
              "path": "/nix/store/9z6k8ijl2md0y2n95yprbjj4vxbfsi15-python3-3.13.3-debug"
            }
          ],
          "store_path": "/nix/store/2mab9iiwhcqwk75qwvp3zv0bvbiaq6cs-python3-3.13.3"
        }
      }
    },
    "uv@latest": {
      "last_modified": "2025-12-04T04:58:45Z",
      "resolved": "github:NixOS/nixpkgs/821f1a2ebab0f13d6d65170d6bd7d2b3a182efdb#uv",
      "source": "devbox-search",
      "version": "0.9.15",
      "systems": {
        "aarch64-darwin": {
          "outputs": [
            {
              "name": "out",
              "path": "/nix/store/ygjvbgmlcwcsn49h6iqmv1zb63945fil-uv-0.9.15",
              "default": true
            }
          ],
          "store_path": "/nix/store/ygjvbgmlcwcsn49h6iqmv1zb63945fil-uv-0.9.15"
        },
        "aarch64-linux": {
          "outputs": [
            {
              "name": "out",
              "path": "/nix/store/ixkl2madqd89qy5yhhr963pq5jdlffwx-uv-0.9.15",
              "default": true
            }
          ],
          "store_path": "/nix/store/ixkl2madqd89qy5yhhr963pq5jdlffwx-uv-0.9.15"
        },
        "x86_64-darwin": {
          "outputs": [
            {
              "name": "out",
              "path": "/nix/store/94x53a87w6dhzpbhqbyylwpax4cy6kp8-uv-0.9.15",
              "default": true
            }
          ],
          "store_path": "/nix/store/94x53a87w6dhzpbhqbyylwpax4cy6kp8-uv-0.9.15"
        },
        "x86_64-linux": {
          "outputs": [
            {
              "name": "out",
              "path": "/nix/store/qpjjd520lh2pjif58wmlrjd4a5mmm55w-uv-0.9.15",
              "default": true
            }
          ],
          "store_path": "/nix/store/qpjjd520lh2pjif58wmlrjd4a5mmm55w-uv-0.9.15"
        }
      }
    },
    "xfsprogs@latest": {
      "last_modified": "2025-12-04T13:50:22Z",
      "resolved": "github:NixOS/nixpkgs/ece6e266caf1effab32eceef0403b797b4330373#xfsprogs",
      "source": "devbox-search",
      "version": "6.17.0",
      "systems": {
        "aarch64-linux": {
          "outputs": [
            {
              "name": "bin",
              "path": "/nix/store/gk8kd09hi6847pshsg8ay4nfpkghz57a-xfsprogs-6.17.0-bin",
              "default": true
            },
            {
              "name": "dev",
              "path": "/nix/store/zs47j8ia4xnsfdpxhj4l445iqyww0f4i-xfsprogs-6.17.0-dev"
            },
            {
              "name": "doc",
              "path": "/nix/store/n56sih1nx11yszyqgqx7x7pc21qnjl26-xfsprogs-6.17.0-doc"
            },
            {
              "name": "out",
              "path": "/nix/store/c0icvdqkxsppnvbwcjjczrp2j2f7rvyz-xfsprogs-6.17.0"
            }
          ],
          "store_path": "/nix/store/gk8kd09hi6847pshsg8ay4nfpkghz57a-xfsprogs-6.17.0-bin"
        },
        "x86_64-linux": {
          "outputs": [
            {
              "name": "bin",
              "path": "/nix/store/qq0abwbgi87fijkkdbnmy0a32xdb4v7c-xfsprogs-6.17.0-bin",
              "default": true
            },
            {
              "name": "dev",
              "path": "/nix/store/wvhyai5bflwjqh2gcyiav0lzp24xk1ig-xfsprogs-6.17.0-dev"
            },
            {
              "name": "doc",
              "path": "/nix/store/sp8i3l7iry8qw7jmdj1v7v5jkdkd2qxb-xfsprogs-6.17.0-doc"
            },
            {
              "name": "out",
              "path": "/nix/store/sr4yjjqilvi3xx0k108afs4vpxsc5jpl-xfsprogs-6.17.0"
            }
          ],
          "store_path": "/nix/store/qq0abwbgi87fijkkdbnmy0a32xdb4v7c-xfsprogs-6.17.0-bin"
        }
      }
    },
    "yq@latest": {
      "last_modified": "2025-11-23T21:50:36Z",
      "resolved": "github:NixOS/nixpkgs/ee09932cedcef15aaf476f9343d1dea2cb77e261#yq",
      "source": "devbox-search",
      "version": "3.4.3",
      "systems": {
        "aarch64-darwin": {
          "outputs": [
            {
              "name": "out",
              "path": "/nix/store/344q1isvrn38i2k47x6jdgq1afnppdpi-python3.13-yq-3.4.3",
              "default": true
            },
            {
              "name": "dist",
              "path": "/nix/store/f0y8ivlgbbm7pkk4l5dysaqr1r39lxkn-python3.13-yq-3.4.3-dist"
            }
          ],
          "store_path": "/nix/store/344q1isvrn38i2k47x6jdgq1afnppdpi-python3.13-yq-3.4.3"
        },
        "aarch64-linux": {
          "outputs": [
            {
              "name": "out",
              "path": "/nix/store/gxb75ispzfkqz5larz631ddq3m5jmy0d-python3.13-yq-3.4.3",
              "default": true
            },
            {
              "name": "dist",
              "path": "/nix/store/rqvbwcqcyhq1a94ccwa57hp4wh2zcqz6-python3.13-yq-3.4.3-dist"
            }
          ],
          "store_path": "/nix/store/gxb75ispzfkqz5larz631ddq3m5jmy0d-python3.13-yq-3.4.3"
        },
        "x86_64-darwin": {
          "outputs": [
            {
              "name": "out",
              "path": "/nix/store/3al3yv0k7zvv41nsrrykgdjv4l2wn39x-python3.13-yq-3.4.3",
              "default": true
            },
            {
              "name": "dist",
              "path": "/nix/store/g5g4f44vjqngbp7n8967v29fcf722wa6-python3.13-yq-3.4.3-dist"
            }
          ],
          "store_path": "/nix/store/3al3yv0k7zvv41nsrrykgdjv4l2wn39x-python3.13-yq-3.4.3"
        },
        "x86_64-linux": {
          "outputs": [
            {
              "name": "out",
              "path": "/nix/store/jk0qzin2yinxmfxzj03mq8pfbcgwiwrd-python3.13-yq-3.4.3",
              "default": true
            },
            {
              "name": "dist",
              "path": "/nix/store/b15i9b99zfhk0fzx592sgrzq2gml7ysn-python3.13-yq-3.4.3-dist"
            }
          ],
          "store_path": "/nix/store/jk0qzin2yinxmfxzj03mq8pfbcgwiwrd-python3.13-yq-3.4.3"
        }
      }
    }
  }
}
